
Microsoft Visual Studio Solution File, Format Version 12.00
# Visual Studio 15
VisualStudioVersion = 15.0.28307.1267
MinimumVisualStudioVersion = 10.0.40219.1
Project("{FAE04EC0-301F-11D3-BF4B-00C04F79EFBC}") = "CpanelVerification", "CpanelVerification\CpanelVerification.csproj", "{0ABE0450-030C-412B-8EEA-FB9C8BD72E6C}"
EndProject
Global
	GlobalSection(SolutionConfigurationPlatforms) = preSolution
		Debug|Any CPU = Debug|Any CPU
		Release|Any CPU = Release|Any CPU
	EndGlobalSection
	GlobalSection(ProjectConfigurationPlatforms) = postSolution
		{0ABE0450-030C-412B-8EEA-FB9C8BD72E6C}.Debug|Any CPU.ActiveCfg = Debug|Any CPU
		{0ABE0450-030C-412B-8EEA-FB9C8BD72E6C}.Debug|Any CPU.Build.0 = Debug|Any CPU
		{0ABE0450-030C-412B-8EEA-FB9C8BD72E6C}.Release|Any CPU.ActiveCfg = Release|Any CPU
		{0ABE0450-030C-412B-8EEA-FB9C8BD72E6C}.Release|Any CPU.Build.0 = Release|Any CPU
	EndGlobalSection
	GlobalSection(SolutionProperties) = preSolution
		HideSolutionNode = FALSE
	EndGlobalSection
	GlobalSection(ExtensibilityGlobals) = postSolution
		SolutionGuid = {39E83ABE-2919-44CE-88AB-18F9AB079080}
	EndGlobalSection
EndGlobal
